// !$*UTF8*$!
{
	archiveVersion = 1;
	classes = {
	};
	objectVersion = 46;
	objects = {

/* Begin PBXBuildFile section */
		0A5855461E7106E100E62E8E /* NQHomeViewController.swift in Sources */ = {isa = PBXBuildFile; fileRef = 0A5855451E7106E100E62E8E /* NQHomeViewController.swift */; };
		0A5855481E71088A00E62E8E /* UIBarButtonItem+Extension.swift in Sources */ = {isa = PBXBuildFile; fileRef = 0A5855471E71088A00E62E8E /* UIBarButtonItem+Extension.swift */; };
		0A58554A1E712DA400E62E8E /* UIColor+Extension.swift in Sources */ = {isa = PBXBuildFile; fileRef = 0A5855491E712DA400E62E8E /* UIColor+Extension.swift */; };
		0A58554C1E712F4100E62E8E /* NSNate+Extension.swift in Sources */ = {isa = PBXBuildFile; fileRef = 0A58554B1E712F4100E62E8E /* NSNate+Extension.swift */; };
		0A58554E1E71308D00E62E8E /* Common.swift in Sources */ = {isa = PBXBuildFile; fileRef = 0A58554D1E71308D00E62E8E /* Common.swift */; };
		0A5855641E71385700E62E8E /* NQPageTitleView.swift in Sources */ = {isa = PBXBuildFile; fileRef = 0A5855631E71385700E62E8E /* NQPageTitleView.swift */; };
		0A5855661E714A6100E62E8E /* NQPageContentView.swift in Sources */ = {isa = PBXBuildFile; fileRef = 0A5855651E714A6100E62E8E /* NQPageContentView.swift */; };
		0A5855681E7152C000E62E8E /* NQRecommendViewController.swift in Sources */ = {isa = PBXBuildFile; fileRef = 0A5855671E7152C000E62E8E /* NQRecommendViewController.swift */; };
		0A58556A1E7152D300E62E8E /* NQGameViewController.swift in Sources */ = {isa = PBXBuildFile; fileRef = 0A5855691E7152D300E62E8E /* NQGameViewController.swift */; };
		0A58556C1E7152E000E62E8E /* NQAmuseViewController.swift in Sources */ = {isa = PBXBuildFile; fileRef = 0A58556B1E7152E000E62E8E /* NQAmuseViewController.swift */; };
		0A58556E1E7152EC00E62E8E /* NQFunnyViewController.swift in Sources */ = {isa = PBXBuildFile; fileRef = 0A58556D1E7152EC00E62E8E /* NQFunnyViewController.swift */; };
		0AF875A61E5E7F94009F7E9B /* AppDelegate.swift in Sources */ = {isa = PBXBuildFile; fileRef = 0AF875A51E5E7F94009F7E9B /* AppDelegate.swift */; };
		0AF875AB1E5E7F94009F7E9B /* Main.storyboard in Resources */ = {isa = PBXBuildFile; fileRef = 0AF875A91E5E7F94009F7E9B /* Main.storyboard */; };
		0AF875AD1E5E7F94009F7E9B /* Assets.xcassets in Resources */ = {isa = PBXBuildFile; fileRef = 0AF875AC1E5E7F94009F7E9B /* Assets.xcassets */; };
		0AF875B01E5E7F94009F7E9B /* LaunchScreen.storyboard in Resources */ = {isa = PBXBuildFile; fileRef = 0AF875AE1E5E7F94009F7E9B /* LaunchScreen.storyboard */; };
		0AF875C01E5E8E86009F7E9B /* Home.storyboard in Resources */ = {isa = PBXBuildFile; fileRef = 0AF875BE1E5E8E86009F7E9B /* Home.storyboard */; };
		0AF875C21E5E8EAB009F7E9B /* Live.storyboard in Resources */ = {isa = PBXBuildFile; fileRef = 0AF875C11E5E8EAB009F7E9B /* Live.storyboard */; };
		0AF875C51E5E8ECF009F7E9B /* Follow.storyboard in Resources */ = {isa = PBXBuildFile; fileRef = 0AF875C31E5E8ECF009F7E9B /* Follow.storyboard */; };
		0AF875C71E5E8EFB009F7E9B /* Profile.storyboard in Resources */ = {isa = PBXBuildFile; fileRef = 0AF875C61E5E8EFB009F7E9B /* Profile.storyboard */; };
/* End PBXBuildFile section */

/* Begin PBXFileReference section */
		0A5855451E7106E100E62E8E /* NQHomeViewController.swift */ = {isa = PBXFileReference; fileEncoding = 4; lastKnownFileType = sourcecode.swift; name = NQHomeViewController.swift; path = ../NQHomeViewController.swift; sourceTree = "<group>"; };
		0A5855471E71088A00E62E8E /* UIBarButtonItem+Extension.swift */ = {isa = PBXFileReference; fileEncoding = 4; lastKnownFileType = sourcecode.swift; path = "UIBarButtonItem+Extension.swift"; sourceTree = "<group>"; };
		0A5855491E712DA400E62E8E /* UIColor+Extension.swift */ = {isa = PBXFileReference; fileEncoding = 4; lastKnownFileType = sourcecode.swift; path = "UIColor+Extension.swift"; sourceTree = "<group>"; };
		0A58554B1E712F4100E62E8E /* NSNate+Extension.swift */ = {isa = PBXFileReference; fileEncoding = 4; lastKnownFileType = sourcecode.swift; path = "NSNate+Extension.swift"; sourceTree = "<group>"; };
		0A58554D1E71308D00E62E8E /* Common.swift */ = {isa = PBXFileReference; fileEncoding = 4; lastKnownFileType = sourcecode.swift; path = Common.swift; sourceTree = "<group>"; };
		0A5855631E71385700E62E8E /* NQPageTitleView.swift */ = {isa = PBXFileReference; fileEncoding = 4; lastKnownFileType = sourcecode.swift; path = NQPageTitleView.swift; sourceTree = "<group>"; };
		0A5855651E714A6100E62E8E /* NQPageContentView.swift */ = {isa = PBXFileReference; fileEncoding = 4; lastKnownFileType = sourcecode.swift; path = NQPageContentView.swift; sourceTree = "<group>"; };
		0A5855671E7152C000E62E8E /* NQRecommendViewController.swift */ = {isa = PBXFileReference; fileEncoding = 4; lastKnownFileType = sourcecode.swift; path = NQRecommendViewController.swift; sourceTree = "<group>"; };
		0A5855691E7152D300E62E8E /* NQGameViewController.swift */ = {isa = PBXFileReference; fileEncoding = 4; lastKnownFileType = sourcecode.swift; path = NQGameViewController.swift; sourceTree = "<group>"; };
		0A58556B1E7152E000E62E8E /* NQAmuseViewController.swift */ = {isa = PBXFileReference; fileEncoding = 4; lastKnownFileType = sourcecode.swift; path = NQAmuseViewController.swift; sourceTree = "<group>"; };
		0A58556D1E7152EC00E62E8E /* NQFunnyViewController.swift */ = {isa = PBXFileReference; fileEncoding = 4; lastKnownFileType = sourcecode.swift; path = NQFunnyViewController.swift; sourceTree = "<group>"; };
		0AF875A21E5E7F94009F7E9B /* DYTV.app */ = {isa = PBXFileReference; explicitFileType = wrapper.application; includeInIndex = 0; path = DYTV.app; sourceTree = BUILT_PRODUCTS_DIR; };
		0AF875A51E5E7F94009F7E9B /* AppDelegate.swift */ = {isa = PBXFileReference; lastKnownFileType = sourcecode.swift; path = AppDelegate.swift; sourceTree = "<group>"; };
		0AF875AA1E5E7F94009F7E9B /* Base */ = {isa = PBXFileReference; lastKnownFileType = file.storyboard; name = Base; path = Base.lproj/Main.storyboard; sourceTree = "<group>"; };
		0AF875AC1E5E7F94009F7E9B /* Assets.xcassets */ = {isa = PBXFileReference; lastKnownFileType = folder.assetcatalog; path = Assets.xcassets; sourceTree = "<group>"; };
		0AF875AF1E5E7F94009F7E9B /* Base */ = {isa = PBXFileReference; lastKnownFileType = file.storyboard; name = Base; path = Base.lproj/LaunchScreen.storyboard; sourceTree = "<group>"; };
		0AF875B11E5E7F94009F7E9B /* Info.plist */ = {isa = PBXFileReference; lastKnownFileType = text.plist.xml; path = Info.plist; sourceTree = "<group>"; };
		0AF875BF1E5E8E86009F7E9B /* Base */ = {isa = PBXFileReference; lastKnownFileType = file.storyboard; name = Base; path = DYTV/Base.lproj/Home.storyboard; sourceTree = SOURCE_ROOT; };
		0AF875C11E5E8EAB009F7E9B /* Live.storyboard */ = {isa = PBXFileReference; fileEncoding = 4; lastKnownFileType = file.storyboard; name = Live.storyboard; path = ../Main/Live.storyboard; sourceTree = "<group>"; };
		0AF875C41E5E8ECF009F7E9B /* Base */ = {isa = PBXFileReference; lastKnownFileType = file.storyboard; name = Base; path = DYTV/Base.lproj/Follow.storyboard; sourceTree = SOURCE_ROOT; };
		0AF875C61E5E8EFB009F7E9B /* Profile.storyboard */ = {isa = PBXFileReference; fileEncoding = 4; lastKnownFileType = file.storyboard; name = Profile.storyboard; path = ../Main/Profile.storyboard; sourceTree = "<group>"; };
/* End PBXFileReference section */

/* Begin PBXFrameworksBuildPhase section */
		0AF8759F1E5E7F94009F7E9B /* Frameworks */ = {
			isa = PBXFrameworksBuildPhase;
			buildActionMask = 2147483647;
			files = (
			);
			runOnlyForDeploymentPostprocessing = 0;
		};
/* End PBXFrameworksBuildPhase section */

/* Begin PBXGroup section */
		0A58554F1E71379000E62E8E /* Controller */ = {
			isa = PBXGroup;
			children = (
			);
			path = Controller;
			sourceTree = "<group>";
		};
		0A5855501E71379600E62E8E /* Model */ = {
			isa = PBXGroup;
			children = (
			);
			path = Model;
			sourceTree = "<group>";
		};
		0A5855511E71379B00E62E8E /* View */ = {
			isa = PBXGroup;
			children = (
				0A5855631E71385700E62E8E /* NQPageTitleView.swift */,
				0A5855651E714A6100E62E8E /* NQPageContentView.swift */,
			);
			path = View;
			sourceTree = "<group>";
		};
		0A5855521E71379E00E62E8E /* ViewModel */ = {
			isa = PBXGroup;
			children = (
			);
			path = ViewModel;
			sourceTree = "<group>";
		};
		0A5855531E7137B700E62E8E /* Controller */ = {
			isa = PBXGroup;
			children = (
				0A5855451E7106E100E62E8E /* NQHomeViewController.swift */,
				0A5855671E7152C000E62E8E /* NQRecommendViewController.swift */,
				0A5855691E7152D300E62E8E /* NQGameViewController.swift */,
				0A58556B1E7152E000E62E8E /* NQAmuseViewController.swift */,
				0A58556D1E7152EC00E62E8E /* NQFunnyViewController.swift */,
			);
			path = Controller;
			sourceTree = "<group>";
		};
		0A5855541E7137BA00E62E8E /* Model */ = {
			isa = PBXGroup;
			children = (
			);
			path = Model;
			sourceTree = "<group>";
		};
		0A5855551E7137BE00E62E8E /* View */ = {
			isa = PBXGroup;
			children = (
			);
			path = View;
			sourceTree = "<group>";
		};
		0A5855561E7137C400E62E8E /* ViewModel */ = {
			isa = PBXGroup;
			children = (
			);
			path = ViewModel;
			sourceTree = "<group>";
		};
		0A5855571E7137EE00E62E8E /* Controller */ = {
			isa = PBXGroup;
			children = (
			);
			path = Controller;
			sourceTree = "<group>";
		};
		0A5855581E7137F200E62E8E /* Model */ = {
			isa = PBXGroup;
			children = (
			);
			path = Model;
			sourceTree = "<group>";
		};
		0A5855591E7137F500E62E8E /* View */ = {
			isa = PBXGroup;
			children = (
			);
			path = View;
			sourceTree = "<group>";
		};
		0A58555A1E7137F800E62E8E /* ViewModel */ = {
			isa = PBXGroup;
			children = (
			);
			path = ViewModel;
			sourceTree = "<group>";
		};
		0A58555B1E71380300E62E8E /* Controller */ = {
			isa = PBXGroup;
			children = (
			);
			path = Controller;
			sourceTree = "<group>";
		};
		0A58555C1E71380700E62E8E /* Model */ = {
			isa = PBXGroup;
			children = (
			);
			path = Model;
			sourceTree = "<group>";
		};
		0A58555D1E71380B00E62E8E /* View */ = {
			isa = PBXGroup;
			children = (
			);
			path = View;
			sourceTree = "<group>";
		};
		0A58555E1E71380E00E62E8E /* ViewModel */ = {
			isa = PBXGroup;
			children = (
			);
			path = ViewModel;
			sourceTree = "<group>";
		};
		0A58555F1E71381500E62E8E /* Controller */ = {
			isa = PBXGroup;
			children = (
			);
			path = Controller;
			sourceTree = "<group>";
		};
		0A5855601E71381A00E62E8E /* Model */ = {
			isa = PBXGroup;
			children = (
			);
			path = Model;
			sourceTree = "<group>";
		};
		0A5855611E71381D00E62E8E /* View */ = {
			isa = PBXGroup;
			children = (
			);
			path = View;
			sourceTree = "<group>";
		};
		0A5855621E71382200E62E8E /* ViewModel */ = {
			isa = PBXGroup;
			children = (
			);
			path = ViewModel;
			sourceTree = "<group>";
		};
		0AF875991E5E7F94009F7E9B = {
			isa = PBXGroup;
			children = (
				0AF875A41E5E7F94009F7E9B /* DYTV */,
				0AF875A31E5E7F94009F7E9B /* Products */,
			);
			sourceTree = "<group>";
		};
		0AF875A31E5E7F94009F7E9B /* Products */ = {
			isa = PBXGroup;
			children = (
				0AF875A21E5E7F94009F7E9B /* DYTV.app */,
			);
			name = Products;
			sourceTree = "<group>";
		};
		0AF875A41E5E7F94009F7E9B /* DYTV */ = {
			isa = PBXGroup;
			children = (
				0AF875B71E5E85D4009F7E9B /* Classes */,
				0AF875A51E5E7F94009F7E9B /* AppDelegate.swift */,
				0AF875AC1E5E7F94009F7E9B /* Assets.xcassets */,
				0AF875AE1E5E7F94009F7E9B /* LaunchScreen.storyboard */,
				0AF875B11E5E7F94009F7E9B /* Info.plist */,
			);
			path = DYTV;
			sourceTree = "<group>";
		};
		0AF875B71E5E85D4009F7E9B /* Classes */ = {
			isa = PBXGroup;
			children = (
				0AF875BB1E5E85D4009F7E9B /* Main */,
				0AF875B91E5E85D4009F7E9B /* Home */,
				0AF875BA1E5E85D4009F7E9B /* Live */,
				0AF875B81E5E85D4009F7E9B /* Follow */,
				0AF875BC1E5E85D4009F7E9B /* Profile */,
				0AF875BD1E5E85D4009F7E9B /* Tools */,
			);
			path = Classes;
			sourceTree = "<group>";
		};
		0AF875B81E5E85D4009F7E9B /* Follow */ = {
			isa = PBXGroup;
			children = (
				0AF875C31E5E8ECF009F7E9B /* Follow.storyboard */,
				0A58555E1E71380E00E62E8E /* ViewModel */,
				0A58555D1E71380B00E62E8E /* View */,
				0A58555C1E71380700E62E8E /* Model */,
				0A58555B1E71380300E62E8E /* Controller */,
			);
			path = Follow;
			sourceTree = "<group>";
		};
		0AF875B91E5E85D4009F7E9B /* Home */ = {
			isa = PBXGroup;
			children = (
				0AF875BE1E5E8E86009F7E9B /* Home.storyboard */,
				0A5855561E7137C400E62E8E /* ViewModel */,
				0A5855551E7137BE00E62E8E /* View */,
				0A5855541E7137BA00E62E8E /* Model */,
				0A5855531E7137B700E62E8E /* Controller */,
			);
			path = Home;
			sourceTree = "<group>";
		};
		0AF875BA1E5E85D4009F7E9B /* Live */ = {
			isa = PBXGroup;
			children = (
				0AF875C11E5E8EAB009F7E9B /* Live.storyboard */,
				0A58555A1E7137F800E62E8E /* ViewModel */,
				0A5855591E7137F500E62E8E /* View */,
				0A5855581E7137F200E62E8E /* Model */,
				0A5855571E7137EE00E62E8E /* Controller */,
			);
			path = Live;
			sourceTree = "<group>";
		};
		0AF875BB1E5E85D4009F7E9B /* Main */ = {
			isa = PBXGroup;
			children = (
				0AF875A91E5E7F94009F7E9B /* Main.storyboard */,
				0A5855521E71379E00E62E8E /* ViewModel */,
				0A5855511E71379B00E62E8E /* View */,
				0A5855501E71379600E62E8E /* Model */,
				0A58554F1E71379000E62E8E /* Controller */,
			);
			path = Main;
			sourceTree = "<group>";
		};
		0AF875BC1E5E85D4009F7E9B /* Profile */ = {
			isa = PBXGroup;
			children = (
				0AF875C61E5E8EFB009F7E9B /* Profile.storyboard */,
				0A5855621E71382200E62E8E /* ViewModel */,
				0A5855611E71381D00E62E8E /* View */,
				0A5855601E71381A00E62E8E /* Model */,
				0A58555F1E71381500E62E8E /* Controller */,
			);
			path = Profile;
			sourceTree = "<group>";
		};
		0AF875BD1E5E85D4009F7E9B /* Tools */ = {
			isa = PBXGroup;
			children = (
				0A5855471E71088A00E62E8E /* UIBarButtonItem+Extension.swift */,
				0A5855491E712DA400E62E8E /* UIColor+Extension.swift */,
				0A58554B1E712F4100E62E8E /* NSNate+Extension.swift */,
				0A58554D1E71308D00E62E8E /* Common.swift */,
			);
			path = Tools;
			sourceTree = "<group>";
		};
/* End PBXGroup section */

/* Begin PBXNativeTarget section */
		0AF875A11E5E7F94009F7E9B /* DYTV */ = {
			isa = PBXNativeTarget;
			buildConfigurationList = 0AF875B41E5E7F94009F7E9B /* Build configuration list for PBXNativeTarget "DYTV" */;
			buildPhases = (
				0AF8759E1E5E7F94009F7E9B /* Sources */,
				0AF8759F1E5E7F94009F7E9B /* Frameworks */,
				0AF875A01E5E7F94009F7E9B /* Resources */,
			);
			buildRules = (
			);
			dependencies = (
			);
			name = DYTV;
			productName = DYTV;
			productReference = 0AF875A21E5E7F94009F7E9B /* DYTV.app */;
			productType = "com.apple.product-type.application";
		};
/* End PBXNativeTarget section */

/* Begin PBXProject section */
		0AF8759A1E5E7F94009F7E9B /* Project object */ = {
			isa = PBXProject;
			attributes = {
				CLASSPREFIX = NQ;
				LastSwiftUpdateCheck = 0800;
				LastUpgradeCheck = 0800;
				ORGANIZATIONNAME = NQ;
				TargetAttributes = {
					0AF875A11E5E7F94009F7E9B = {
						CreatedOnToolsVersion = 8.0;
						DevelopmentTeam = 2RNYPV7B3E;
						ProvisioningStyle = Manual;
					};
				};
			};
			buildConfigurationList = 0AF8759D1E5E7F94009F7E9B /* Build configuration list for PBXProject "DYTV" */;
			compatibilityVersion = "Xcode 3.2";
			developmentRegion = English;
			hasScannedForEncodings = 0;
			knownRegions = (
				en,
				Base,
			);
			mainGroup = 0AF875991E5E7F94009F7E9B;
			productRefGroup = 0AF875A31E5E7F94009F7E9B /* Products */;
			projectDirPath = "";
			projectRoot = "";
			targets = (
				0AF875A11E5E7F94009F7E9B /* DYTV */,
			);
		};
/* End PBXProject section */

/* Begin PBXResourcesBuildPhase section */
		0AF875A01E5E7F94009F7E9B /* Resources */ = {
			isa = PBXResourcesBuildPhase;
			buildActionMask = 2147483647;
			files = (
				0AF875B01E5E7F94009F7E9B /* LaunchScreen.storyboard in Resources */,
				0AF875AD1E5E7F94009F7E9B /* Assets.xcassets in Resources */,
				0AF875AB1E5E7F94009F7E9B /* Main.storyboard in Resources */,
				0AF875C21E5E8EAB009F7E9B /* Live.storyboard in Resources */,
				0AF875C01E5E8E86009F7E9B /* Home.storyboard in Resources */,
				0AF875C71E5E8EFB009F7E9B /* Profile.storyboard in Resources */,
				0AF875C51E5E8ECF009F7E9B /* Follow.storyboard in Resources */,
			);
			runOnlyForDeploymentPostprocessing = 0;
		};
/* End PBXResourcesBuildPhase section */

/* Begin PBXSourcesBuildPhase section */
		0AF8759E1E5E7F94009F7E9B /* Sources */ = {
			isa = PBXSourcesBuildPhase;
			buildActionMask = 2147483647;
			files = (
				0A58556E1E7152EC00E62E8E /* NQFunnyViewController.swift in Sources */,
				0A58556C1E7152E000E62E8E /* NQAmuseViewController.swift in Sources */,
				0A5855641E71385700E62E8E /* NQPageTitleView.swift in Sources */,
				0A58554C1E712F4100E62E8E /* NSNate+Extension.swift in Sources */,
				0A5855461E7106E100E62E8E /* NQHomeViewController.swift in Sources */,
				0A5855481E71088A00E62E8E /* UIBarButtonItem+Extension.swift in Sources */,
				0A5855661E714A6100E62E8E /* NQPageContentView.swift in Sources */,
				0A58556A1E7152D300E62E8E /* NQGameViewController.swift in Sources */,
				0AF875A61E5E7F94009F7E9B /* AppDelegate.swift in Sources */,
				0A5855681E7152C000E62E8E /* NQRecommendViewController.swift in Sources */,
				0A58554E1E71308D00E62E8E /* Common.swift in Sources */,
				0A58554A1E712DA400E62E8E /* UIColor+Extension.swift in Sources */,
			);
			runOnlyForDeploymentPostprocessing = 0;
		};
/* End PBXSourcesBuildPhase section */

/* Begin PBXVariantGroup section */
		0AF875A91E5E7F94009F7E9B /* Main.storyboard */ = {
			isa = PBXVariantGroup;
			children = (
				0AF875AA1E5E7F94009F7E9B /* Base */,
			);
			name = Main.storyboard;
			path = ../..;
			sourceTree = "<group>";
		};
		0AF875AE1E5E7F94009F7E9B /* LaunchScreen.storyboard */ = {
			isa = PBXVariantGroup;
			children = (
				0AF875AF1E5E7F94009F7E9B /* Base */,
			);
			name = LaunchScreen.storyboard;
			sourceTree = "<group>";
		};
		0AF875BE1E5E8E86009F7E9B /* Home.storyboard */ = {
			isa = PBXVariantGroup;
			children = (
				0AF875BF1E5E8E86009F7E9B /* Base */,
			);
			name = Home.storyboard;
			path = ../Main;
			sourceTree = "<group>";
		};
		0AF875C31E5E8ECF009F7E9B /* Follow.storyboard */ = {
			isa = PBXVariantGroup;
			children = (
				0AF875C41E5E8ECF009F7E9B /* Base */,
			);
			name = Follow.storyboard;
			path = ../Main;
			sourceTree = "<group>";
		};
/* End PBXVariantGroup section */

/* Begin XCBuildConfiguration section */
		0AF875B21E5E7F94009F7E9B /* Debug */ = {
			isa = XCBuildConfiguration;
			buildSettings = {
				ALWAYS_SEARCH_USER_PATHS = NO;
				CLANG_ANALYZER_NONNULL = YES;
				CLANG_CXX_LANGUAGE_STANDARD = "gnu++0x";
				CLANG_CXX_LIBRARY = "libc++";
				CLANG_ENABLE_MODULES = YES;
				CLANG_ENABLE_OBJC_ARC = YES;
				CLANG_WARN_BOOL_CONVERSION = YES;
				CLANG_WARN_CONSTANT_CONVERSION = YES;
				CLANG_WARN_DIRECT_OBJC_ISA_USAGE = YES_ERROR;
				CLANG_WARN_DOCUMENTATION_COMMENTS = YES;
				CLANG_WARN_EMPTY_BODY = YES;
				CLANG_WARN_ENUM_CONVERSION = YES;
				CLANG_WARN_INFINITE_RECURSION = YES;
				CLANG_WARN_INT_CONVERSION = YES;
				CLANG_WARN_OBJC_ROOT_CLASS = YES_ERROR;
				CLANG_WARN_SUSPICIOUS_MOVES = YES;
				CLANG_WARN_UNREACHABLE_CODE = YES;
				CLANG_WARN__DUPLICATE_METHOD_MATCH = YES;
				"CODE_SIGN_IDENTITY[sdk=iphoneos*]" = "iPhone Developer";
				COPY_PHASE_STRIP = NO;
				DEBUG_INFORMATION_FORMAT = dwarf;
				ENABLE_STRICT_OBJC_MSGSEND = YES;
				ENABLE_TESTABILITY = YES;
				GCC_C_LANGUAGE_STANDARD = gnu99;
				GCC_DYNAMIC_NO_PIC = NO;
				GCC_NO_COMMON_BLOCKS = YES;
				GCC_OPTIMIZATION_LEVEL = 0;
				GCC_PREPROCESSOR_DEFINITIONS = (
					"DEBUG=1",
					"$(inherited)",
				);
				GCC_WARN_64_TO_32_BIT_CONVERSION = YES;
				GCC_WARN_ABOUT_RETURN_TYPE = YES_ERROR;
				GCC_WARN_UNDECLARED_SELECTOR = YES;
				GCC_WARN_UNINITIALIZED_AUTOS = YES_AGGRESSIVE;
				GCC_WARN_UNUSED_FUNCTION = YES;
				GCC_WARN_UNUSED_VARIABLE = YES;
				IPHONEOS_DEPLOYMENT_TARGET = 10.0;
				MTL_ENABLE_DEBUG_INFO = YES;
				ONLY_ACTIVE_ARCH = YES;
				SDKROOT = iphoneos;
				SWIFT_ACTIVE_COMPILATION_CONDITIONS = DEBUG;
				SWIFT_OPTIMIZATION_LEVEL = "-Onone";
			};
			name = Debug;
		};
		0AF875B31E5E7F94009F7E9B /* Release */ = {
			isa = XCBuildConfiguration;
			buildSettings = {
				ALWAYS_SEARCH_USER_PATHS = NO;
				CLANG_ANALYZER_NONNULL = YES;
				CLANG_CXX_LANGUAGE_STANDARD = "gnu++0x";
				CLANG_CXX_LIBRARY = "libc++";
				CLANG_ENABLE_MODULES = YES;
				CLANG_ENABLE_OBJC_ARC = YES;
				CLANG_WARN_BOOL_CONVERSION = YES;
				CLANG_WARN_CONSTANT_CONVERSION = YES;
				CLANG_WARN_DIRECT_OBJC_ISA_USAGE = YES_ERROR;
				CLANG_WARN_DOCUMENTATION_COMMENTS = YES;
				CLANG_WARN_EMPTY_BODY = YES;
				CLANG_WARN_ENUM_CONVERSION = YES;
				CLANG_WARN_INFINITE_RECURSION = YES;
				CLANG_WARN_INT_CONVERSION = YES;
				CLANG_WARN_OBJC_ROOT_CLASS = YES_ERROR;
				CLANG_WARN_SUSPICIOUS_MOVES = YES;
				CLANG_WARN_UNREACHABLE_CODE = YES;
				CLANG_WARN__DUPLICATE_METHOD_MATCH = YES;
				"CODE_SIGN_IDENTITY[sdk=iphoneos*]" = "iPhone Developer";
				COPY_PHASE_STRIP = NO;
				DEBUG_INFORMATION_FORMAT = "dwarf-with-dsym";
				ENABLE_NS_ASSERTIONS = NO;
				ENABLE_STRICT_OBJC_MSGSEND = YES;
				GCC_C_LANGUAGE_STANDARD = gnu99;
				GCC_NO_COMMON_BLOCKS = YES;
				GCC_WARN_64_TO_32_BIT_CONVERSION = YES;
				GCC_WARN_ABOUT_RETURN_TYPE = YES_ERROR;
				GCC_WARN_UNDECLARED_SELECTOR = YES;
				GCC_WARN_UNINITIALIZED_AUTOS = YES_AGGRESSIVE;
				GCC_WARN_UNUSED_FUNCTION = YES;
				GCC_WARN_UNUSED_VARIABLE = YES;
				IPHONEOS_DEPLOYMENT_TARGET = 10.0;
				MTL_ENABLE_DEBUG_INFO = NO;
				SDKROOT = iphoneos;
				SWIFT_OPTIMIZATION_LEVEL = "-Owholemodule";
				VALIDATE_PRODUCT = YES;
			};
			name = Release;
		};
		0AF875B51E5E7F94009F7E9B /* Debug */ = {
			isa = XCBuildConfiguration;
			buildSettings = {
				ASSETCATALOG_COMPILER_APPICON_NAME = AppIcon;
				ASSETCATALOG_COMPILER_LAUNCHIMAGE_NAME = LaunchImage;
				DEVELOPMENT_TEAM = 2RNYPV7B3E;
				INFOPLIST_FILE = DYTV/Info.plist;
				IPHONEOS_DEPLOYMENT_TARGET = 9.0;
				LD_RUNPATH_SEARCH_PATHS = "$(inherited) @executable_path/Frameworks";
				PRODUCT_BUNDLE_IDENTIFIER = com.dtb.DYTV;
				PRODUCT_NAME = "$(TARGET_NAME)";
				PROVISIONING_PROFILE = "6e96591d-ab48-4a27-8af5-6a11010143f3";
				PROVISIONING_PROFILE_SPECIFIER = dtbCSProfile;
				SWIFT_VERSION = 3.0;
			};
			name = Debug;
		};
		0AF875B61E5E7F94009F7E9B /* Release */ = {
			isa = XCBuildConfiguration;
			buildSettings = {
				ASSETCATALOG_COMPILER_APPICON_NAME = AppIcon;
				ASSETCATALOG_COMPILER_LAUNCHIMAGE_NAME = LaunchImage;
				DEVELOPMENT_TEAM = 2RNYPV7B3E;
				INFOPLIST_FILE = DYTV/Info.plist;
				IPHONEOS_DEPLOYMENT_TARGET = 9.0;
				LD_RUNPATH_SEARCH_PATHS = "$(inherited) @executable_path/Frameworks";
				PRODUCT_BUNDLE_IDENTIFIER = com.dtb.DYTV;
				PRODUCT_NAME = "$(TARGET_NAME)";
				PROVISIONING_PROFILE = "6e96591d-ab48-4a27-8af5-6a11010143f3";
				PROVISIONING_PROFILE_SPECIFIER = dtbCSProfile;
				SWIFT_VERSION = 3.0;
			};
			name = Release;
		};
/* End XCBuildConfiguration section */

/* Begin XCConfigurationList section */
		0AF8759D1E5E7F94009F7E9B /* Build configuration list for PBXProject "DYTV" */ = {
			isa = XCConfigurationList;
			buildConfigurations = (
				0AF875B21E5E7F94009F7E9B /* Debug */,
				0AF875B31E5E7F94009F7E9B /* Release */,
			);
			defaultConfigurationIsVisible = 0;
			defaultConfigurationName = Release;
		};
		0AF875B41E5E7F94009F7E9B /* Build configuration list for PBXNativeTarget "DYTV" */ = {
			isa = XCConfigurationList;
			buildConfigurations = (
				0AF875B51E5E7F94009F7E9B /* Debug */,
				0AF875B61E5E7F94009F7E9B /* Release */,
			);
			defaultConfigurationIsVisible = 0;
			defaultConfigurationName = Release;
		};
/* End XCConfigurationList section */
	};
	rootObject = 0AF8759A1E5E7F94009F7E9B /* Project object */;
}
